<Solution>
  <Project Path="TeslaPowerwallCrestronDriver/TeslaPowerwallCrestronDriver.csproj" />
  <Project Path="TeslaPowerwallCrestronDriver.Tests/TeslaPowerwallCrestronDriver.Tests.csproj" />
  <Project Path="TeslaPowerwallCrestronDriver.ProcessorTests/TeslaPowerwallCrestronDriver.ProcessorTests.csproj" />
  <Project Path="TeslaPowerwallCrestronDriver.Lifecycle.Tests/TeslaPowerwallCrestronDriver.Lifecycle.Tests.csproj" />
</Solution>
